
Microsoft Visual Studio Solution File, Format Version 12.00
# Visual Studio 14
VisualStudioVersion = 14.0.25420.1
MinimumVisualStudioVersion = 10.0.40219.1
Project("{FAE04EC0-301F-11D3-BF4B-00C04F79EFBC}") = "ShoppingList", "ShoppingList\ShoppingList.csproj", "{DBD1CDF8-2E59-42E7-A093-05992ABE0610}"
EndProject
Project("{FAE04EC0-301F-11D3-BF4B-00C04F79EFBC}") = "ShoppingListTests", "ShoppingListTests\ShoppingListTests.csproj", "{37E404B3-0C4A-4EE2-8497-2DBFB25CA60E}"
EndProject
Global
	GlobalSection(SolutionConfigurationPlatforms) = preSolution
		Debug|Any CPU = Debug|Any CPU
		Release|Any CPU = Release|Any CPU
	EndGlobalSection
	GlobalSection(ProjectConfigurationPlatforms) = postSolution
		{DBD1CDF8-2E59-42E7-A093-05992ABE0610}.Debug|Any CPU.ActiveCfg = Debug|Any CPU
		{DBD1CDF8-2E59-42E7-A093-05992ABE0610}.Debug|Any CPU.Build.0 = Debug|Any CPU
		{DBD1CDF8-2E59-42E7-A093-05992ABE0610}.Release|Any CPU.ActiveCfg = Release|Any CPU
		{DBD1CDF8-2E59-42E7-A093-05992ABE0610}.Release|Any CPU.Build.0 = Release|Any CPU
		{37E404B3-0C4A-4EE2-8497-2DBFB25CA60E}.Debug|Any CPU.ActiveCfg = Debug|Any CPU
		{37E404B3-0C4A-4EE2-8497-2DBFB25CA60E}.Debug|Any CPU.Build.0 = Debug|Any CPU
		{37E404B3-0C4A-4EE2-8497-2DBFB25CA60E}.Release|Any CPU.ActiveCfg = Release|Any CPU
		{37E404B3-0C4A-4EE2-8497-2DBFB25CA60E}.Release|Any CPU.Build.0 = Release|Any CPU
	EndGlobalSection
	GlobalSection(SolutionProperties) = preSolution
		HideSolutionNode = FALSE
	EndGlobalSection
EndGlobal
